// !$*UTF8*$!
{
	archiveVersion = 1;
	classes = {
	};
	objectVersion = 56;
	objects = {

/* Begin PBXBuildFile section */
		11AE1FDE2CBEA4E200C6A132 /* HelpingFunctions.swift in Sources */ = {isa = PBXBuildFile; fileRef = 11AE1FDD2CBEA4E200C6A132 /* HelpingFunctions.swift */; };
		11E8AE442CBD693E00A4BB05 /* AppDelegate.swift in Sources */ = {isa = PBXBuildFile; fileRef = 11E8AE432CBD693E00A4BB05 /* AppDelegate.swift */; };
		11E8AE462CBD693E00A4BB05 /* SceneDelegate.swift in Sources */ = {isa = PBXBuildFile; fileRef = 11E8AE452CBD693E00A4BB05 /* SceneDelegate.swift */; };
		11E8AE482CBD693E00A4BB05 /* ViewController.swift in Sources */ = {isa = PBXBuildFile; fileRef = 11E8AE472CBD693E00A4BB05 /* ViewController.swift */; };
		11E8AE4B2CBD693E00A4BB05 /* Base in Resources */ = {isa = PBXBuildFile; fileRef = 11E8AE4A2CBD693E00A4BB05 /* Base */; };
		11E8AE4D2CBD693F00A4BB05 /* Assets.xcassets in Resources */ = {isa = PBXBuildFile; fileRef = 11E8AE4C2CBD693F00A4BB05 /* Assets.xcassets */; };
		11E8AE502CBD693F00A4BB05 /* Base in Resources */ = {isa = PBXBuildFile; fileRef = 11E8AE4F2CBD693F00A4BB05 /* Base */; };
		11E8AE582CBD73BD00A4BB05 /* UIColor+Random.swift in Sources */ = {isa = PBXBuildFile; fileRef = 11E8AE572CBD73BD00A4BB05 /* UIColor+Random.swift */; };
/* End PBXBuildFile section */

/* Begin PBXFileReference section */
		11AE1FDD2CBEA4E200C6A132 /* HelpingFunctions.swift */ = {isa = PBXFileReference; lastKnownFileType = sourcecode.swift; path = HelpingFunctions.swift; sourceTree = "<group>"; };
		11E8AE402CBD693E00A4BB05 /* vlgrigorevPW1.app */ = {isa = PBXFileReference; explicitFileType = wrapper.application; includeInIndex = 0; path = vlgrigorevPW1.app; sourceTree = BUILT_PRODUCTS_DIR; };
		11E8AE432CBD693E00A4BB05 /* AppDelegate.swift */ = {isa = PBXFileReference; lastKnownFileType = sourcecode.swift; path = AppDelegate.swift; sourceTree = "<group>"; };
		11E8AE452CBD693E00A4BB05 /* SceneDelegate.swift */ = {isa = PBXFileReference; lastKnownFileType = sourcecode.swift; path = SceneDelegate.swift; sourceTree = "<group>"; };
		11E8AE472CBD693E00A4BB05 /* ViewController.swift */ = {isa = PBXFileReference; lastKnownFileType = sourcecode.swift; path = ViewController.swift; sourceTree = "<group>"; };
		11E8AE4A2CBD693E00A4BB05 /* Base */ = {isa = PBXFileReference; lastKnownFileType = file.storyboard; name = Base; path = Base.lproj/Main.storyboard; sourceTree = "<group>"; };
		11E8AE4C2CBD693F00A4BB05 /* Assets.xcassets */ = {isa = PBXFileReference; lastKnownFileType = folder.assetcatalog; path = Assets.xcassets; sourceTree = "<group>"; };
		11E8AE4F2CBD693F00A4BB05 /* Base */ = {isa = PBXFileReference; lastKnownFileType = file.storyboard; name = Base; path = Base.lproj/LaunchScreen.storyboard; sourceTree = "<group>"; };
		11E8AE512CBD693F00A4BB05 /* Info.plist */ = {isa = PBXFileReference; lastKnownFileType = text.plist.xml; path = Info.plist; sourceTree = "<group>"; };
		11E8AE572CBD73BD00A4BB05 /* UIColor+Random.swift */ = {isa = PBXFileReference; lastKnownFileType = sourcecode.swift; path = "UIColor+Random.swift"; sourceTree = "<group>"; };
/* End PBXFileReference section */

/* Begin PBXFrameworksBuildPhase section */
		11E8AE3D2CBD693E00A4BB05 /* Frameworks */ = {
			isa = PBXFrameworksBuildPhase;
			buildActionMask = 2147483647;
			files = (
			);
			runOnlyForDeploymentPostprocessing = 0;
		};
/* End PBXFrameworksBuildPhase section */

/* Begin PBXGroup section */
		11E8AE372CBD693E00A4BB05 = {
			isa = PBXGroup;
			children = (
				11E8AE422CBD693E00A4BB05 /* vlgrigorevPW1 */,
				11E8AE412CBD693E00A4BB05 /* Products */,
			);
			sourceTree = "<group>";
		};
		11E8AE412CBD693E00A4BB05 /* Products */ = {
			isa = PBXGroup;
			children = (
				11E8AE402CBD693E00A4BB05 /* vlgrigorevPW1.app */,
			);
			name = Products;
			sourceTree = "<group>";
		};
		11E8AE422CBD693E00A4BB05 /* vlgrigorevPW1 */ = {
			isa = PBXGroup;
			children = (
				11E8AE432CBD693E00A4BB05 /* AppDelegate.swift */,
				11E8AE452CBD693E00A4BB05 /* SceneDelegate.swift */,
				11E8AE472CBD693E00A4BB05 /* ViewController.swift */,
				11E8AE492CBD693E00A4BB05 /* Main.storyboard */,
				11AE1FDD2CBEA4E200C6A132 /* HelpingFunctions.swift */,
				11E8AE572CBD73BD00A4BB05 /* UIColor+Random.swift */,
				11E8AE4C2CBD693F00A4BB05 /* Assets.xcassets */,
				11E8AE4E2CBD693F00A4BB05 /* LaunchScreen.storyboard */,
				11E8AE512CBD693F00A4BB05 /* Info.plist */,
			);
			path = vlgrigorevPW1;
			sourceTree = "<group>";
		};
/* End PBXGroup section */

/* Begin PBXNativeTarget section */
		11E8AE3F2CBD693E00A4BB05 /* vlgrigorevPW1 */ = {
			isa = PBXNativeTarget;
			buildConfigurationList = 11E8AE542CBD693F00A4BB05 /* Build configuration list for PBXNativeTarget "vlgrigorevPW1" */;
			buildPhases = (
				11E8AE3C2CBD693E00A4BB05 /* Sources */,
				11E8AE3D2CBD693E00A4BB05 /* Frameworks */,
				11E8AE3E2CBD693E00A4BB05 /* Resources */,
			);
			buildRules = (
			);
			dependencies = (
			);
			name = vlgrigorevPW1;
			productName = vlgrigorevPW1;
			productReference = 11E8AE402CBD693E00A4BB05 /* vlgrigorevPW1.app */;
			productType = "com.apple.product-type.application";
		};
/* End PBXNativeTarget section */

/* Begin PBXProject section */
		11E8AE382CBD693E00A4BB05 /* Project object */ = {
			isa = PBXProject;
			attributes = {
				BuildIndependentTargetsInParallel = 1;
				LastSwiftUpdateCheck = 1530;
				LastUpgradeCheck = 1530;
				TargetAttributes = {
					11E8AE3F2CBD693E00A4BB05 = {
						CreatedOnToolsVersion = 15.3;
					};
				};
			};
			buildConfigurationList = 11E8AE3B2CBD693E00A4BB05 /* Build configuration list for PBXProject "vlgrigorevPW1" */;
			compatibilityVersion = "Xcode 14.0";
			developmentRegion = en;
			hasScannedForEncodings = 0;
			knownRegions = (
				en,
				Base,
			);
			mainGroup = 11E8AE372CBD693E00A4BB05;
			productRefGroup = 11E8AE412CBD693E00A4BB05 /* Products */;
			projectDirPath = "";
			projectRoot = "";
			targets = (
				11E8AE3F2CBD693E00A4BB05 /* vlgrigorevPW1 */,
			);
		};
/* End PBXProject section */

/* Begin PBXResourcesBuildPhase section */
		11E8AE3E2CBD693E00A4BB05 /* Resources */ = {
			isa = PBXResourcesBuildPhase;
			buildActionMask = 2147483647;
			files = (
				11E8AE4D2CBD693F00A4BB05 /* Assets.xcassets in Resources */,
				11E8AE502CBD693F00A4BB05 /* Base in Resources */,
				11E8AE4B2CBD693E00A4BB05 /* Base in Resources */,
			);
			runOnlyForDeploymentPostprocessing = 0;
		};
/* End PBXResourcesBuildPhase section */

/* Begin PBXSourcesBuildPhase section */
		11E8AE3C2CBD693E00A4BB05 /* Sources */ = {
			isa = PBXSourcesBuildPhase;
			buildActionMask = 2147483647;
			files = (
				11E8AE482CBD693E00A4BB05 /* ViewController.swift in Sources */,
				11E8AE442CBD693E00A4BB05 /* AppDelegate.swift in Sources */,
				11E8AE462CBD693E00A4BB05 /* SceneDelegate.swift in Sources */,
				11AE1FDE2CBEA4E200C6A132 /* HelpingFunctions.swift in Sources */,
				11E8AE582CBD73BD00A4BB05 /* UIColor+Random.swift in Sources */,
			);
			runOnlyForDeploymentPostprocessing = 0;
		};
/* End PBXSourcesBuildPhase section */

/* Begin PBXVariantGroup section */
		11E8AE492CBD693E00A4BB05 /* Main.storyboard */ = {
			isa = PBXVariantGroup;
			children = (
				11E8AE4A2CBD693E00A4BB05 /* Base */,
			);
			name = Main.storyboard;
			sourceTree = "<group>";
		};
		11E8AE4E2CBD693F00A4BB05 /* LaunchScreen.storyboard */ = {
			isa = PBXVariantGroup;
			children = (
				11E8AE4F2CBD693F00A4BB05 /* Base */,
			);
			name = LaunchScreen.storyboard;
			sourceTree = "<group>";
		};
/* End PBXVariantGroup section */

/* Begin XCBuildConfiguration section */
		11E8AE522CBD693F00A4BB05 /* Debug */ = {
			isa = XCBuildConfiguration;
			buildSettings = {
				ALWAYS_SEARCH_USER_PATHS = NO;
				ASSETCATALOG_COMPILER_GENERATE_SWIFT_ASSET_SYMBOL_EXTENSIONS = YES;
				CLANG_ANALYZER_NONNULL = YES;
				CLANG_ANALYZER_NUMBER_OBJECT_CONVERSION = YES_AGGRESSIVE;
				CLANG_CXX_LANGUAGE_STANDARD = "gnu++20";
				CLANG_ENABLE_MODULES = YES;
				CLANG_ENABLE_OBJC_ARC = YES;
				CLANG_ENABLE_OBJC_WEAK = YES;
				CLANG_WARN_BLOCK_CAPTURE_AUTORELEASING = YES;
				CLANG_WARN_BOOL_CONVERSION = YES;
				CLANG_WARN_COMMA = YES;
				CLANG_WARN_CONSTANT_CONVERSION = YES;
				CLANG_WARN_DEPRECATED_OBJC_IMPLEMENTATIONS = YES;
				CLANG_WARN_DIRECT_OBJC_ISA_USAGE = YES_ERROR;
				CLANG_WARN_DOCUMENTATION_COMMENTS = YES;
				CLANG_WARN_EMPTY_BODY = YES;
				CLANG_WARN_ENUM_CONVERSION = YES;
				CLANG_WARN_INFINITE_RECURSION = YES;
				CLANG_WARN_INT_CONVERSION = YES;
				CLANG_WARN_NON_LITERAL_NULL_CONVERSION = YES;
				CLANG_WARN_OBJC_IMPLICIT_RETAIN_SELF = YES;
				CLANG_WARN_OBJC_LITERAL_CONVERSION = YES;
				CLANG_WARN_OBJC_ROOT_CLASS = YES_ERROR;
				CLANG_WARN_QUOTED_INCLUDE_IN_FRAMEWORK_HEADER = YES;
				CLANG_WARN_RANGE_LOOP_ANALYSIS = YES;
				CLANG_WARN_STRICT_PROTOTYPES = YES;
				CLANG_WARN_SUSPICIOUS_MOVE = YES;
				CLANG_WARN_UNGUARDED_AVAILABILITY = YES_AGGRESSIVE;
				CLANG_WARN_UNREACHABLE_CODE = YES;
				CLANG_WARN__DUPLICATE_METHOD_MATCH = YES;
				COPY_PHASE_STRIP = NO;
				DEBUG_INFORMATION_FORMAT = dwarf;
				ENABLE_STRICT_OBJC_MSGSEND = YES;
				ENABLE_TESTABILITY = YES;
				ENABLE_USER_SCRIPT_SANDBOXING = YES;
				GCC_C_LANGUAGE_STANDARD = gnu17;
				GCC_DYNAMIC_NO_PIC = NO;
				GCC_NO_COMMON_BLOCKS = YES;
				GCC_OPTIMIZATION_LEVEL = 0;
				GCC_PREPROCESSOR_DEFINITIONS = (
					"DEBUG=1",
					"$(inherited)",
				);
				GCC_WARN_64_TO_32_BIT_CONVERSION = YES;
				GCC_WARN_ABOUT_RETURN_TYPE = YES_ERROR;
				GCC_WARN_UNDECLARED_SELECTOR = YES;
				GCC_WARN_UNINITIALIZED_AUTOS = YES_AGGRESSIVE;
				GCC_WARN_UNUSED_FUNCTION = YES;
				GCC_WARN_UNUSED_VARIABLE = YES;
				IPHONEOS_DEPLOYMENT_TARGET = 17.0;
				LOCALIZATION_PREFERS_STRING_CATALOGS = YES;
				MTL_ENABLE_DEBUG_INFO = INCLUDE_SOURCE;
				MTL_FAST_MATH = YES;
				ONLY_ACTIVE_ARCH = YES;
				SDKROOT = iphoneos;
				SWIFT_ACTIVE_COMPILATION_CONDITIONS = "DEBUG $(inherited)";
				SWIFT_OPTIMIZATION_LEVEL = "-Onone";
			};
			name = Debug;
		};
		11E8AE532CBD693F00A4BB05 /* Release */ = {
			isa = XCBuildConfiguration;
			buildSettings = {
				ALWAYS_SEARCH_USER_PATHS = NO;
				ASSETCATALOG_COMPILER_GENERATE_SWIFT_ASSET_SYMBOL_EXTENSIONS = YES;
				CLANG_ANALYZER_NONNULL = YES;
				CLANG_ANALYZER_NUMBER_OBJECT_CONVERSION = YES_AGGRESSIVE;
				CLANG_CXX_LANGUAGE_STANDARD = "gnu++20";
				CLANG_ENABLE_MODULES = YES;
				CLANG_ENABLE_OBJC_ARC = YES;
				CLANG_ENABLE_OBJC_WEAK = YES;
				CLANG_WARN_BLOCK_CAPTURE_AUTORELEASING = YES;
				CLANG_WARN_BOOL_CONVERSION = YES;
				CLANG_WARN_COMMA = YES;
				CLANG_WARN_CONSTANT_CONVERSION = YES;
				CLANG_WARN_DEPRECATED_OBJC_IMPLEMENTATIONS = YES;
				CLANG_WARN_DIRECT_OBJC_ISA_USAGE = YES_ERROR;
				CLANG_WARN_DOCUMENTATION_COMMENTS = YES;
				CLANG_WARN_EMPTY_BODY = YES;
				CLANG_WARN_ENUM_CONVERSION = YES;
				CLANG_WARN_INFINITE_RECURSION = YES;
				CLANG_WARN_INT_CONVERSION = YES;
				CLANG_WARN_NON_LITERAL_NULL_CONVERSION = YES;
				CLANG_WARN_OBJC_IMPLICIT_RETAIN_SELF = YES;
				CLANG_WARN_OBJC_LITERAL_CONVERSION = YES;
				CLANG_WARN_OBJC_ROOT_CLASS = YES_ERROR;
				CLANG_WARN_QUOTED_INCLUDE_IN_FRAMEWORK_HEADER = YES;
				CLANG_WARN_RANGE_LOOP_ANALYSIS = YES;
				CLANG_WARN_STRICT_PROTOTYPES = YES;
				CLANG_WARN_SUSPICIOUS_MOVE = YES;
				CLANG_WARN_UNGUARDED_AVAILABILITY = YES_AGGRESSIVE;
				CLANG_WARN_UNREACHABLE_CODE = YES;
				CLANG_WARN__DUPLICATE_METHOD_MATCH = YES;
				COPY_PHASE_STRIP = NO;
				DEBUG_INFORMATION_FORMAT = "dwarf-with-dsym";
				ENABLE_NS_ASSERTIONS = NO;
				ENABLE_STRICT_OBJC_MSGSEND = YES;
				ENABLE_USER_SCRIPT_SANDBOXING = YES;
				GCC_C_LANGUAGE_STANDARD = gnu17;
				GCC_NO_COMMON_BLOCKS = YES;
				GCC_WARN_64_TO_32_BIT_CONVERSION = YES;
				GCC_WARN_ABOUT_RETURN_TYPE = YES_ERROR;
				GCC_WARN_UNDECLARED_SELECTOR = YES;
				GCC_WARN_UNINITIALIZED_AUTOS = YES_AGGRESSIVE;
				GCC_WARN_UNUSED_FUNCTION = YES;
				GCC_WARN_UNUSED_VARIABLE = YES;
				IPHONEOS_DEPLOYMENT_TARGET = 17.0;
				LOCALIZATION_PREFERS_STRING_CATALOGS = YES;
				MTL_ENABLE_DEBUG_INFO = NO;
				MTL_FAST_MATH = YES;
				SDKROOT = iphoneos;
				SWIFT_COMPILATION_MODE = wholemodule;
				VALIDATE_PRODUCT = YES;
			};
			name = Release;
		};
		11E8AE552CBD693F00A4BB05 /* Debug */ = {
			isa = XCBuildConfiguration;
			buildSettings = {
				ASSETCATALOG_COMPILER_APPICON_NAME = AppIcon;
				ASSETCATALOG_COMPILER_GLOBAL_ACCENT_COLOR_NAME = AccentColor;
				CODE_SIGN_STYLE = Automatic;
				CURRENT_PROJECT_VERSION = 1;
				DEVELOPMENT_TEAM = 53QN3B43CT;
				GENERATE_INFOPLIST_FILE = YES;
				INFOPLIST_FILE = vlgrigorevPW1/Info.plist;
				INFOPLIST_KEY_UIApplicationSupportsIndirectInputEvents = YES;
				INFOPLIST_KEY_UILaunchStoryboardName = LaunchScreen;
				INFOPLIST_KEY_UIMainStoryboardFile = Main;
				INFOPLIST_KEY_UISupportedInterfaceOrientations = UIInterfaceOrientationPortrait;
				INFOPLIST_KEY_UISupportedInterfaceOrientations_iPad = "UIInterfaceOrientationLandscapeLeft UIInterfaceOrientationLandscapeRight UIInterfaceOrientationPortrait UIInterfaceOrientationPortraitUpsideDown";
				IPHONEOS_DEPLOYMENT_TARGET = 15.0;
				LD_RUNPATH_SEARCH_PATHS = (
					"$(inherited)",
					"@executable_path/Frameworks",
				);
				MARKETING_VERSION = 1.0;
				PRODUCT_BUNDLE_IDENTIFIER = vovaggri.vlgrigorevPW1;
				PRODUCT_NAME = "$(TARGET_NAME)";
				SWIFT_EMIT_LOC_STRINGS = YES;
				SWIFT_VERSION = 5.0;
				TARGETED_DEVICE_FAMILY = "1,2";
			};
			name = Debug;
		};
		11E8AE562CBD693F00A4BB05 /* Release */ = {
			isa = XCBuildConfiguration;
			buildSettings = {
				ASSETCATALOG_COMPILER_APPICON_NAME = AppIcon;
				ASSETCATALOG_COMPILER_GLOBAL_ACCENT_COLOR_NAME = AccentColor;
				CODE_SIGN_STYLE = Automatic;
				CURRENT_PROJECT_VERSION = 1;
				DEVELOPMENT_TEAM = 53QN3B43CT;
				GENERATE_INFOPLIST_FILE = YES;
				INFOPLIST_FILE = vlgrigorevPW1/Info.plist;
				INFOPLIST_KEY_UIApplicationSupportsIndirectInputEvents = YES;
				INFOPLIST_KEY_UILaunchStoryboardName = LaunchScreen;
				INFOPLIST_KEY_UIMainStoryboardFile = Main;
				INFOPLIST_KEY_UISupportedInterfaceOrientations = UIInterfaceOrientationPortrait;
				INFOPLIST_KEY_UISupportedInterfaceOrientations_iPad = "UIInterfaceOrientationLandscapeLeft UIInterfaceOrientationLandscapeRight UIInterfaceOrientationPortrait UIInterfaceOrientationPortraitUpsideDown";
				IPHONEOS_DEPLOYMENT_TARGET = 15.0;
				LD_RUNPATH_SEARCH_PATHS = (
					"$(inherited)",
					"@executable_path/Frameworks",
				);
				MARKETING_VERSION = 1.0;
				PRODUCT_BUNDLE_IDENTIFIER = vovaggri.vlgrigorevPW1;
				PRODUCT_NAME = "$(TARGET_NAME)";
				SWIFT_EMIT_LOC_STRINGS = YES;
				SWIFT_VERSION = 5.0;
				TARGETED_DEVICE_FAMILY = "1,2";
			};
			name = Release;
		};
/* End XCBuildConfiguration section */

/* Begin XCConfigurationList section */
		11E8AE3B2CBD693E00A4BB05 /* Build configuration list for PBXProject "vlgrigorevPW1" */ = {
			isa = XCConfigurationList;
			buildConfigurations = (
				11E8AE522CBD693F00A4BB05 /* Debug */,
				11E8AE532CBD693F00A4BB05 /* Release */,
			);
			defaultConfigurationIsVisible = 0;
			defaultConfigurationName = Release;
		};
		11E8AE542CBD693F00A4BB05 /* Build configuration list for PBXNativeTarget "vlgrigorevPW1" */ = {
			isa = XCConfigurationList;
			buildConfigurations = (
				11E8AE552CBD693F00A4BB05 /* Debug */,
				11E8AE562CBD693F00A4BB05 /* Release */,
			);
			defaultConfigurationIsVisible = 0;
			defaultConfigurationName = Release;
		};
/* End XCConfigurationList section */
	};
	rootObject = 11E8AE382CBD693E00A4BB05 /* Project object */;
}
